
Microsoft Visual Studio Solution File, Format Version 12.00
# Visual Studio Version 17
VisualStudioVersion = 17.0.31903.59
MinimumVisualStudioVersion = 10.0.40219.1
Project("{9A19103F-16F7-4668-BE54-9A1E7A4F7556}") = "MinimalApi", "AsyncApi\MinimalApi.csproj", "{702B5ED1-D3C9-4076-AB90-C60E554FA68D}"
EndProject
Global
	GlobalSection(SolutionConfigurationPlatforms) = preSolution
		Debug|Any CPU = Debug|Any CPU
		Release|Any CPU = Release|Any CPU
	EndGlobalSection
	GlobalSection(ProjectConfigurationPlatforms) = postSolution
		{702B5ED1-D3C9-4076-AB90-C60E554FA68D}.Debug|Any CPU.ActiveCfg = Debug|Any CPU
		{702B5ED1-D3C9-4076-AB90-C60E554FA68D}.Debug|Any CPU.Build.0 = Debug|Any CPU
		{702B5ED1-D3C9-4076-AB90-C60E554FA68D}.Release|Any CPU.ActiveCfg = Release|Any CPU
		{702B5ED1-D3C9-4076-AB90-C60E554FA68D}.Release|Any CPU.Build.0 = Release|Any CPU
	EndGlobalSection
	GlobalSection(SolutionProperties) = preSolution
		HideSolutionNode = FALSE
	EndGlobalSection
	GlobalSection(ExtensibilityGlobals) = postSolution
		SolutionGuid = {A36A475C-0B18-4936-A8EF-C5AAE61C8920}
	EndGlobalSection
EndGlobal
